
Microsoft Visual Studio Solution File, Format Version 12.00
# Visual Studio Version 17
VisualStudioVersion = 17.14.36202.13 d17.14
MinimumVisualStudioVersion = 10.0.40219.1
Project("{FAE04EC0-301F-11D3-BF4B-00C04F79EFBC}") = "MoviesApp", "MoviesApp\MoviesApp.csproj", "{90DFC2AA-30D8-4D0E-8974-D9491AFB514B}"
EndProject
Global
	GlobalSection(SolutionConfigurationPlatforms) = preSolution
		Debug|Any CPU = Debug|Any CPU
		Release|Any CPU = Release|Any CPU
	EndGlobalSection
	GlobalSection(ProjectConfigurationPlatforms) = postSolution
		{90DFC2AA-30D8-4D0E-8974-D9491AFB514B}.Debug|Any CPU.ActiveCfg = Debug|Any CPU
		{90DFC2AA-30D8-4D0E-8974-D9491AFB514B}.Debug|Any CPU.Build.0 = Debug|Any CPU
		{90DFC2AA-30D8-4D0E-8974-D9491AFB514B}.Release|Any CPU.ActiveCfg = Release|Any CPU
		{90DFC2AA-30D8-4D0E-8974-D9491AFB514B}.Release|Any CPU.Build.0 = Release|Any CPU
	EndGlobalSection
	GlobalSection(SolutionProperties) = preSolution
		HideSolutionNode = FALSE
	EndGlobalSection
	GlobalSection(ExtensibilityGlobals) = postSolution
		SolutionGuid = {716F5123-B628-4C47-AACB-B22851B7A1CA}
	EndGlobalSection
EndGlobal
